
Microsoft Visual Studio Solution File, Format Version 12.00
# Visual Studio Version 17
VisualStudioVersion = 17.4.33403.182
MinimumVisualStudioVersion = 10.0.40219.1
Project("{FAE04EC0-301F-11D3-BF4B-00C04F79EFBC}") = "pozdravleni", "pozdravleni.csproj", "{6B300C6A-24C6-4341-A7DD-AC8CBF606135}"
EndProject
Global
	GlobalSection(SolutionConfigurationPlatforms) = preSolution
		Debug|Any CPU = Debug|Any CPU
		Release|Any CPU = Release|Any CPU
	EndGlobalSection
	GlobalSection(ProjectConfigurationPlatforms) = postSolution
		{6B300C6A-24C6-4341-A7DD-AC8CBF606135}.Debug|Any CPU.ActiveCfg = Debug|Any CPU
		{6B300C6A-24C6-4341-A7DD-AC8CBF606135}.Debug|Any CPU.Build.0 = Debug|Any CPU
		{6B300C6A-24C6-4341-A7DD-AC8CBF606135}.Release|Any CPU.ActiveCfg = Release|Any CPU
		{6B300C6A-24C6-4341-A7DD-AC8CBF606135}.Release|Any CPU.Build.0 = Release|Any CPU
	EndGlobalSection
	GlobalSection(SolutionProperties) = preSolution
		HideSolutionNode = FALSE
	EndGlobalSection
	GlobalSection(ExtensibilityGlobals) = postSolution
		SolutionGuid = {9B27AC80-BC69-4579-A5DB-D4A8DB332F0E}
	EndGlobalSection
EndGlobal
