
Microsoft Visual Studio Solution File, Format Version 12.00
# Visual Studio Version 17
VisualStudioVersion = 17.4.33403.182
MinimumVisualStudioVersion = 10.0.40219.1
Project("{FAE04EC0-301F-11D3-BF4B-00C04F79EFBC}") = "bmiкалькулятор", "bmiкалькулятор.csproj", "{4C043541-15A5-43D8-AF7E-5E92661121E1}"
EndProject
Global
	GlobalSection(SolutionConfigurationPlatforms) = preSolution
		Debug|Any CPU = Debug|Any CPU
		Release|Any CPU = Release|Any CPU
	EndGlobalSection
	GlobalSection(ProjectConfigurationPlatforms) = postSolution
		{4C043541-15A5-43D8-AF7E-5E92661121E1}.Debug|Any CPU.ActiveCfg = Debug|Any CPU
		{4C043541-15A5-43D8-AF7E-5E92661121E1}.Debug|Any CPU.Build.0 = Debug|Any CPU
		{4C043541-15A5-43D8-AF7E-5E92661121E1}.Release|Any CPU.ActiveCfg = Release|Any CPU
		{4C043541-15A5-43D8-AF7E-5E92661121E1}.Release|Any CPU.Build.0 = Release|Any CPU
	EndGlobalSection
	GlobalSection(SolutionProperties) = preSolution
		HideSolutionNode = FALSE
	EndGlobalSection
	GlobalSection(ExtensibilityGlobals) = postSolution
		SolutionGuid = {37F486D8-EEC4-43F3-BC7F-69AE05F272B1}
	EndGlobalSection
EndGlobal
