
Microsoft Visual Studio Solution File, Format Version 12.00
# Visual Studio Version 17
VisualStudioVersion = 17.3.32825.248
MinimumVisualStudioVersion = 10.0.40219.1
Project("{FAE04EC0-301F-11D3-BF4B-00C04F79EFBC}") = "MathQuizКоряковаВиктория23ис", "MathQuizКоряковаВиктория23ис\MathQuizКоряковаВиктория23ис.csproj", "{39AFC698-6D66-4E72-A7B9-9445DDE18424}"
EndProject
Global
	GlobalSection(SolutionConfigurationPlatforms) = preSolution
		Debug|Any CPU = Debug|Any CPU
		Release|Any CPU = Release|Any CPU
	EndGlobalSection
	GlobalSection(ProjectConfigurationPlatforms) = postSolution
		{39AFC698-6D66-4E72-A7B9-9445DDE18424}.Debug|Any CPU.ActiveCfg = Debug|Any CPU
		{39AFC698-6D66-4E72-A7B9-9445DDE18424}.Debug|Any CPU.Build.0 = Debug|Any CPU
		{39AFC698-6D66-4E72-A7B9-9445DDE18424}.Release|Any CPU.ActiveCfg = Release|Any CPU
		{39AFC698-6D66-4E72-A7B9-9445DDE18424}.Release|Any CPU.Build.0 = Release|Any CPU
	EndGlobalSection
	GlobalSection(SolutionProperties) = preSolution
		HideSolutionNode = FALSE
	EndGlobalSection
	GlobalSection(ExtensibilityGlobals) = postSolution
		SolutionGuid = {712C1892-A1A2-4347-BD72-82FCB47E2E52}
	EndGlobalSection
EndGlobal
